// !$*UTF8*$!
{
	archiveVersion = 1;
	classes = {
	};
	objectVersion = 50;
	objects = {

/* Begin PBXBuildFile section */
		335A20832591B868000B4B00 /* MedicationListViewController.swift in Sources */ = {isa = PBXBuildFile; fileRef = 335A20822591B868000B4B00 /* MedicationListViewController.swift */; };
		335A20862591B92F000B4B00 /* MedicationTableViewCell.swift in Sources */ = {isa = PBXBuildFile; fileRef = 335A20852591B92F000B4B00 /* MedicationTableViewCell.swift */; };
		335A20892591BDB1000B4B00 /* WellnessRatingTableViewCell.swift in Sources */ = {isa = PBXBuildFile; fileRef = 335A20882591BDB1000B4B00 /* WellnessRatingTableViewCell.swift */; };
		335A208C2591C452000B4B00 /* MedicationController.swift in Sources */ = {isa = PBXBuildFile; fileRef = 335A208B2591C452000B4B00 /* MedicationController.swift */; };
		335A208F2591C737000B4B00 /* MedicationDetailViewController.swift in Sources */ = {isa = PBXBuildFile; fileRef = 335A208E2591C737000B4B00 /* MedicationDetailViewController.swift */; };
		335A20972591C99C000B4B00 /* CoreDataStack.swift in Sources */ = {isa = PBXBuildFile; fileRef = 335A20962591C99C000B4B00 /* CoreDataStack.swift */; };
		335A209B2591CA19000B4B00 /* Medication+Convenience.swift in Sources */ = {isa = PBXBuildFile; fileRef = 335A209A2591CA19000B4B00 /* Medication+Convenience.swift */; };
		335A20C02592BA51000B4B00 /* DateFormatter+Extras.swift in Sources */ = {isa = PBXBuildFile; fileRef = 335A20BF2592BA50000B4B00 /* DateFormatter+Extras.swift */; };
		335A223525940B03000B4B00 /* TakenDate+Convenience.swift in Sources */ = {isa = PBXBuildFile; fileRef = 335A223425940B02000B4B00 /* TakenDate+Convenience.swift */; };
		33A61CAF258F2E6E00B62B2F /* AppDelegate.swift in Sources */ = {isa = PBXBuildFile; fileRef = 33A61CAE258F2E6E00B62B2F /* AppDelegate.swift */; };
		33A61CB1258F2E6E00B62B2F /* SceneDelegate.swift in Sources */ = {isa = PBXBuildFile; fileRef = 33A61CB0258F2E6E00B62B2F /* SceneDelegate.swift */; };
		33A61CB6258F2E6E00B62B2F /* Main.storyboard in Resources */ = {isa = PBXBuildFile; fileRef = 33A61CB4258F2E6E00B62B2F /* Main.storyboard */; };
		33A61CB9258F2E6E00B62B2F /* MedicationManager.xcdatamodeld in Sources */ = {isa = PBXBuildFile; fileRef = 33A61CB7258F2E6E00B62B2F /* MedicationManager.xcdatamodeld */; };
		33A61CBB258F2E7000B62B2F /* Assets.xcassets in Resources */ = {isa = PBXBuildFile; fileRef = 33A61CBA258F2E7000B62B2F /* Assets.xcassets */; };
		33A61CBE258F2E7000B62B2F /* LaunchScreen.storyboard in Resources */ = {isa = PBXBuildFile; fileRef = 33A61CBC258F2E7000B62B2F /* LaunchScreen.storyboard */; };
		33CC4270259A4DB2000827A1 /* MoodSurvey+Convenience.swift in Sources */ = {isa = PBXBuildFile; fileRef = 33CC426F259A4DB2000827A1 /* MoodSurvey+Convenience.swift */; };
		33CC4274259A675B000827A1 /* MoodSurveyViewController.swift in Sources */ = {isa = PBXBuildFile; fileRef = 33CC4273259A675B000827A1 /* MoodSurveyViewController.swift */; };
		33CC4283259D07B4000827A1 /* MoodSurveyController.swift in Sources */ = {isa = PBXBuildFile; fileRef = 33CC4282259D07B4000827A1 /* MoodSurveyController.swift */; };
		33CC427A259A7D5F000827A1 /* NotificationScheduler.swift in Sources */ = {isa = PBXBuildFile; fileRef = 33CC4279259A7D5F000827A1 /* NotificationScheduler.swift */; };
/* End PBXBuildFile section */

/* Begin PBXFileReference section */
		335A20822591B868000B4B00 /* MedicationListViewController.swift */ = {isa = PBXFileReference; lastKnownFileType = sourcecode.swift; path = MedicationListViewController.swift; sourceTree = "<group>"; };
		335A20852591B92F000B4B00 /* MedicationTableViewCell.swift */ = {isa = PBXFileReference; lastKnownFileType = sourcecode.swift; path = MedicationTableViewCell.swift; sourceTree = "<group>"; };
		335A20882591BDB1000B4B00 /* WellnessRatingTableViewCell.swift */ = {isa = PBXFileReference; lastKnownFileType = sourcecode.swift; path = WellnessRatingTableViewCell.swift; sourceTree = "<group>"; };
		335A208B2591C452000B4B00 /* MedicationController.swift */ = {isa = PBXFileReference; lastKnownFileType = sourcecode.swift; path = MedicationController.swift; sourceTree = "<group>"; };
		335A208E2591C737000B4B00 /* MedicationDetailViewController.swift */ = {isa = PBXFileReference; lastKnownFileType = sourcecode.swift; path = MedicationDetailViewController.swift; sourceTree = "<group>"; };
		335A20962591C99C000B4B00 /* CoreDataStack.swift */ = {isa = PBXFileReference; lastKnownFileType = sourcecode.swift; path = CoreDataStack.swift; sourceTree = "<group>"; };
		335A209A2591CA19000B4B00 /* Medication+Convenience.swift */ = {isa = PBXFileReference; lastKnownFileType = sourcecode.swift; path = "Medication+Convenience.swift"; sourceTree = "<group>"; };
		335A20BF2592BA50000B4B00 /* DateFormatter+Extras.swift */ = {isa = PBXFileReference; lastKnownFileType = sourcecode.swift; path = "DateFormatter+Extras.swift"; sourceTree = "<group>"; };
		335A223425940B02000B4B00 /* TakenDate+Convenience.swift */ = {isa = PBXFileReference; lastKnownFileType = sourcecode.swift; path = "TakenDate+Convenience.swift"; sourceTree = "<group>"; };
		33A61CAB258F2E6E00B62B2F /* MedicationManager.app */ = {isa = PBXFileReference; explicitFileType = wrapper.application; includeInIndex = 0; path = MedicationManager.app; sourceTree = BUILT_PRODUCTS_DIR; };
		33A61CAE258F2E6E00B62B2F /* AppDelegate.swift */ = {isa = PBXFileReference; lastKnownFileType = sourcecode.swift; path = AppDelegate.swift; sourceTree = "<group>"; };
		33A61CB0258F2E6E00B62B2F /* SceneDelegate.swift */ = {isa = PBXFileReference; lastKnownFileType = sourcecode.swift; path = SceneDelegate.swift; sourceTree = "<group>"; };
		33A61CB5258F2E6E00B62B2F /* Base */ = {isa = PBXFileReference; lastKnownFileType = file.storyboard; name = Base; path = Base.lproj/Main.storyboard; sourceTree = "<group>"; };
		33A61CB8258F2E6E00B62B2F /* MedicationManager.xcdatamodel */ = {isa = PBXFileReference; lastKnownFileType = wrapper.xcdatamodel; path = MedicationManager.xcdatamodel; sourceTree = "<group>"; };
		33A61CBA258F2E7000B62B2F /* Assets.xcassets */ = {isa = PBXFileReference; lastKnownFileType = folder.assetcatalog; path = Assets.xcassets; sourceTree = "<group>"; };
		33A61CBD258F2E7000B62B2F /* Base */ = {isa = PBXFileReference; lastKnownFileType = file.storyboard; name = Base; path = Base.lproj/LaunchScreen.storyboard; sourceTree = "<group>"; };
		33A61CBF258F2E7000B62B2F /* Info.plist */ = {isa = PBXFileReference; lastKnownFileType = text.plist.xml; path = Info.plist; sourceTree = "<group>"; };
		33CC426F259A4DB2000827A1 /* MoodSurvey+Convenience.swift */ = {isa = PBXFileReference; lastKnownFileType = sourcecode.swift; path = "MoodSurvey+Convenience.swift"; sourceTree = "<group>"; };
		33CC4273259A675B000827A1 /* MoodSurveyViewController.swift */ = {isa = PBXFileReference; lastKnownFileType = sourcecode.swift; path = MoodSurveyViewController.swift; sourceTree = "<group>"; };
		33CC4282259D07B4000827A1 /* MoodSurveyController.swift */ = {isa = PBXFileReference; lastKnownFileType = sourcecode.swift; path = MoodSurveyController.swift; sourceTree = "<group>"; };
		33CC4279259A7D5F000827A1 /* NotificationScheduler.swift */ = {isa = PBXFileReference; lastKnownFileType = sourcecode.swift; path = NotificationScheduler.swift; sourceTree = "<group>"; };
/* End PBXFileReference section */

/* Begin PBXFrameworksBuildPhase section */
		33A61CA8258F2E6E00B62B2F /* Frameworks */ = {
			isa = PBXFrameworksBuildPhase;
			buildActionMask = 2147483647;
			files = (
			);
			runOnlyForDeploymentPostprocessing = 0;
		};
/* End PBXFrameworksBuildPhase section */

/* Begin PBXGroup section */
		335A20912591C916000B4B00 /* Resources */ = {
			isa = PBXGroup;
			children = (
				33A61CAE258F2E6E00B62B2F /* AppDelegate.swift */,
				33A61CB0258F2E6E00B62B2F /* SceneDelegate.swift */,
				33A61CB4258F2E6E00B62B2F /* Main.storyboard */,
				33A61CBA258F2E7000B62B2F /* Assets.xcassets */,
				33A61CBC258F2E7000B62B2F /* LaunchScreen.storyboard */,
				33A61CBF258F2E7000B62B2F /* Info.plist */,
				335A20BF2592BA50000B4B00 /* DateFormatter+Extras.swift */,
				33CC4279259A7D5F000827A1 /* NotificationScheduler.swift */,
			);
			path = Resources;
			sourceTree = "<group>";
		};
		335A209F259248E1000B4B00 /* ViewControllers */ = {
			isa = PBXGroup;
			children = (
				335A20822591B868000B4B00 /* MedicationListViewController.swift */,
				335A208E2591C737000B4B00 /* MedicationDetailViewController.swift */,
				33CC4273259A675B000827A1 /* MoodSurveyViewController.swift */,
			);
			path = ViewControllers;
			sourceTree = "<group>";
		};
		335A20A0259248ED000B4B00 /* CustomViews */ = {
			isa = PBXGroup;
			children = (
				335A20852591B92F000B4B00 /* MedicationTableViewCell.swift */,
				335A20882591BDB1000B4B00 /* WellnessRatingTableViewCell.swift */,
			);
			path = CustomViews;
			sourceTree = "<group>";
		};
		335A20A2259248F7000B4B00 /* ModelController */ = {
			isa = PBXGroup;
			children = (
				335A208B2591C452000B4B00 /* MedicationController.swift */,
				33CC4282259D07B4000827A1 /* MoodSurveyController.swift */,
			);
			path = ModelController;
			sourceTree = "<group>";
		};
		335A20A425924901000B4B00 /* CoreData */ = {
			isa = PBXGroup;
			children = (
				33A61CB7258F2E6E00B62B2F /* MedicationManager.xcdatamodeld */,
				335A209A2591CA19000B4B00 /* Medication+Convenience.swift */,
				335A223425940B02000B4B00 /* TakenDate+Convenience.swift */,
				33CC426F259A4DB2000827A1 /* MoodSurvey+Convenience.swift */,
				335A20962591C99C000B4B00 /* CoreDataStack.swift */,
			);
			path = CoreData;
			sourceTree = "<group>";
		};
		33A61CA2258F2E6E00B62B2F = {
			isa = PBXGroup;
			children = (
				33A61CAD258F2E6E00B62B2F /* MedicationManager */,
				33A61CAC258F2E6E00B62B2F /* Products */,
			);
			sourceTree = "<group>";
		};
		33A61CAC258F2E6E00B62B2F /* Products */ = {
			isa = PBXGroup;
			children = (
				33A61CAB258F2E6E00B62B2F /* MedicationManager.app */,
			);
			name = Products;
			sourceTree = "<group>";
		};
		33A61CAD258F2E6E00B62B2F /* MedicationManager */ = {
			isa = PBXGroup;
			children = (
				335A209F259248E1000B4B00 /* ViewControllers */,
				335A20A0259248ED000B4B00 /* CustomViews */,
				335A20A2259248F7000B4B00 /* ModelController */,
				335A20A425924901000B4B00 /* CoreData */,
				335A20912591C916000B4B00 /* Resources */,
			);
			path = MedicationManager;
			sourceTree = "<group>";
		};
/* End PBXGroup section */

/* Begin PBXNativeTarget section */
		33A61CAA258F2E6E00B62B2F /* MedicationManager */ = {
			isa = PBXNativeTarget;
			buildConfigurationList = 33A61CC2258F2E7000B62B2F /* Build configuration list for PBXNativeTarget "MedicationManager" */;
			buildPhases = (
				33A61CA7258F2E6E00B62B2F /* Sources */,
				33A61CA8258F2E6E00B62B2F /* Frameworks */,
				33A61CA9258F2E6E00B62B2F /* Resources */,
			);
			buildRules = (
			);
			dependencies = (
			);
			name = MedicationManager;
			productName = MedicationManager;
			productReference = 33A61CAB258F2E6E00B62B2F /* MedicationManager.app */;
			productType = "com.apple.product-type.application";
		};
/* End PBXNativeTarget section */

/* Begin PBXProject section */
		33A61CA3258F2E6E00B62B2F /* Project object */ = {
			isa = PBXProject;
			attributes = {
				LastSwiftUpdateCheck = 1230;
				LastUpgradeCheck = 1230;
				TargetAttributes = {
					33A61CAA258F2E6E00B62B2F = {
						CreatedOnToolsVersion = 12.3;
					};
				};
			};
			buildConfigurationList = 33A61CA6258F2E6E00B62B2F /* Build configuration list for PBXProject "MedicationManager" */;
			compatibilityVersion = "Xcode 9.3";
			developmentRegion = en;
			hasScannedForEncodings = 0;
			knownRegions = (
				en,
				Base,
			);
			mainGroup = 33A61CA2258F2E6E00B62B2F;
			productRefGroup = 33A61CAC258F2E6E00B62B2F /* Products */;
			projectDirPath = "";
			projectRoot = "";
			targets = (
				33A61CAA258F2E6E00B62B2F /* MedicationManager */,
			);
		};
/* End PBXProject section */

/* Begin PBXResourcesBuildPhase section */
		33A61CA9258F2E6E00B62B2F /* Resources */ = {
			isa = PBXResourcesBuildPhase;
			buildActionMask = 2147483647;
			files = (
				33A61CBE258F2E7000B62B2F /* LaunchScreen.storyboard in Resources */,
				33A61CBB258F2E7000B62B2F /* Assets.xcassets in Resources */,
				33A61CB6258F2E6E00B62B2F /* Main.storyboard in Resources */,
			);
			runOnlyForDeploymentPostprocessing = 0;
		};
/* End PBXResourcesBuildPhase section */

/* Begin PBXSourcesBuildPhase section */
		33A61CA7258F2E6E00B62B2F /* Sources */ = {
			isa = PBXSourcesBuildPhase;
			buildActionMask = 2147483647;
			files = (
				335A209B2591CA19000B4B00 /* Medication+Convenience.swift in Sources */,
				33A61CAF258F2E6E00B62B2F /* AppDelegate.swift in Sources */,
				335A20892591BDB1000B4B00 /* WellnessRatingTableViewCell.swift in Sources */,
				335A223525940B03000B4B00 /* TakenDate+Convenience.swift in Sources */,
				335A20C02592BA51000B4B00 /* DateFormatter+Extras.swift in Sources */,
				335A20832591B868000B4B00 /* MedicationListViewController.swift in Sources */,
				335A20972591C99C000B4B00 /* CoreDataStack.swift in Sources */,
				33A61CB9258F2E6E00B62B2F /* MedicationManager.xcdatamodeld in Sources */,
				33CC4270259A4DB2000827A1 /* MoodSurvey+Convenience.swift in Sources */,
				335A208C2591C452000B4B00 /* MedicationController.swift in Sources */,
				33A61CB1258F2E6E00B62B2F /* SceneDelegate.swift in Sources */,
				33CC4274259A675B000827A1 /* MoodSurveyViewController.swift in Sources */,
				335A208F2591C737000B4B00 /* MedicationDetailViewController.swift in Sources */,
				33CC4283259D07B4000827A1 /* MoodSurveyController.swift in Sources */,
				335A20862591B92F000B4B00 /* MedicationTableViewCell.swift in Sources */,
				33CC427A259A7D5F000827A1 /* NotificationScheduler.swift in Sources */,
			);
			runOnlyForDeploymentPostprocessing = 0;
		};
/* End PBXSourcesBuildPhase section */

/* Begin PBXVariantGroup section */
		33A61CB4258F2E6E00B62B2F /* Main.storyboard */ = {
			isa = PBXVariantGroup;
			children = (
				33A61CB5258F2E6E00B62B2F /* Base */,
			);
			name = Main.storyboard;
			sourceTree = "<group>";
		};
		33A61CBC258F2E7000B62B2F /* LaunchScreen.storyboard */ = {
			isa = PBXVariantGroup;
			children = (
				33A61CBD258F2E7000B62B2F /* Base */,
			);
			name = LaunchScreen.storyboard;
			sourceTree = "<group>";
		};
/* End PBXVariantGroup section */

/* Begin XCBuildConfiguration section */
		33A61CC0258F2E7000B62B2F /* Debug */ = {
			isa = XCBuildConfiguration;
			buildSettings = {
				ALWAYS_SEARCH_USER_PATHS = NO;
				CLANG_ANALYZER_NONNULL = YES;
				CLANG_ANALYZER_NUMBER_OBJECT_CONVERSION = YES_AGGRESSIVE;
				CLANG_CXX_LANGUAGE_STANDARD = "gnu++14";
				CLANG_CXX_LIBRARY = "libc++";
				CLANG_ENABLE_MODULES = YES;
				CLANG_ENABLE_OBJC_ARC = YES;
				CLANG_ENABLE_OBJC_WEAK = YES;
				CLANG_WARN_BLOCK_CAPTURE_AUTORELEASING = YES;
				CLANG_WARN_BOOL_CONVERSION = YES;
				CLANG_WARN_COMMA = YES;
				CLANG_WARN_CONSTANT_CONVERSION = YES;
				CLANG_WARN_DEPRECATED_OBJC_IMPLEMENTATIONS = YES;
				CLANG_WARN_DIRECT_OBJC_ISA_USAGE = YES_ERROR;
				CLANG_WARN_DOCUMENTATION_COMMENTS = YES;
				CLANG_WARN_EMPTY_BODY = YES;
				CLANG_WARN_ENUM_CONVERSION = YES;
				CLANG_WARN_INFINITE_RECURSION = YES;
				CLANG_WARN_INT_CONVERSION = YES;
				CLANG_WARN_NON_LITERAL_NULL_CONVERSION = YES;
				CLANG_WARN_OBJC_IMPLICIT_RETAIN_SELF = YES;
				CLANG_WARN_OBJC_LITERAL_CONVERSION = YES;
				CLANG_WARN_OBJC_ROOT_CLASS = YES_ERROR;
				CLANG_WARN_QUOTED_INCLUDE_IN_FRAMEWORK_HEADER = YES;
				CLANG_WARN_RANGE_LOOP_ANALYSIS = YES;
				CLANG_WARN_STRICT_PROTOTYPES = YES;
				CLANG_WARN_SUSPICIOUS_MOVE = YES;
				CLANG_WARN_UNGUARDED_AVAILABILITY = YES_AGGRESSIVE;
				CLANG_WARN_UNREACHABLE_CODE = YES;
				CLANG_WARN__DUPLICATE_METHOD_MATCH = YES;
				COPY_PHASE_STRIP = NO;
				DEBUG_INFORMATION_FORMAT = dwarf;
				ENABLE_STRICT_OBJC_MSGSEND = YES;
				ENABLE_TESTABILITY = YES;
				GCC_C_LANGUAGE_STANDARD = gnu11;
				GCC_DYNAMIC_NO_PIC = NO;
				GCC_NO_COMMON_BLOCKS = YES;
				GCC_OPTIMIZATION_LEVEL = 0;
				GCC_PREPROCESSOR_DEFINITIONS = (
					"DEBUG=1",
					"$(inherited)",
				);
				GCC_WARN_64_TO_32_BIT_CONVERSION = YES;
				GCC_WARN_ABOUT_RETURN_TYPE = YES_ERROR;
				GCC_WARN_UNDECLARED_SELECTOR = YES;
				GCC_WARN_UNINITIALIZED_AUTOS = YES_AGGRESSIVE;
				GCC_WARN_UNUSED_FUNCTION = YES;
				GCC_WARN_UNUSED_VARIABLE = YES;
				IPHONEOS_DEPLOYMENT_TARGET = 14.3;
				MTL_ENABLE_DEBUG_INFO = INCLUDE_SOURCE;
				MTL_FAST_MATH = YES;
				ONLY_ACTIVE_ARCH = YES;
				SDKROOT = iphoneos;
				SWIFT_ACTIVE_COMPILATION_CONDITIONS = DEBUG;
				SWIFT_OPTIMIZATION_LEVEL = "-Onone";
			};
			name = Debug;
		};
		33A61CC1258F2E7000B62B2F /* Release */ = {
			isa = XCBuildConfiguration;
			buildSettings = {
				ALWAYS_SEARCH_USER_PATHS = NO;
				CLANG_ANALYZER_NONNULL = YES;
				CLANG_ANALYZER_NUMBER_OBJECT_CONVERSION = YES_AGGRESSIVE;
				CLANG_CXX_LANGUAGE_STANDARD = "gnu++14";
				CLANG_CXX_LIBRARY = "libc++";
				CLANG_ENABLE_MODULES = YES;
				CLANG_ENABLE_OBJC_ARC = YES;
				CLANG_ENABLE_OBJC_WEAK = YES;
				CLANG_WARN_BLOCK_CAPTURE_AUTORELEASING = YES;
				CLANG_WARN_BOOL_CONVERSION = YES;
				CLANG_WARN_COMMA = YES;
				CLANG_WARN_CONSTANT_CONVERSION = YES;
				CLANG_WARN_DEPRECATED_OBJC_IMPLEMENTATIONS = YES;
				CLANG_WARN_DIRECT_OBJC_ISA_USAGE = YES_ERROR;
				CLANG_WARN_DOCUMENTATION_COMMENTS = YES;
				CLANG_WARN_EMPTY_BODY = YES;
				CLANG_WARN_ENUM_CONVERSION = YES;
				CLANG_WARN_INFINITE_RECURSION = YES;
				CLANG_WARN_INT_CONVERSION = YES;
				CLANG_WARN_NON_LITERAL_NULL_CONVERSION = YES;
				CLANG_WARN_OBJC_IMPLICIT_RETAIN_SELF = YES;
				CLANG_WARN_OBJC_LITERAL_CONVERSION = YES;
				CLANG_WARN_OBJC_ROOT_CLASS = YES_ERROR;
				CLANG_WARN_QUOTED_INCLUDE_IN_FRAMEWORK_HEADER = YES;
				CLANG_WARN_RANGE_LOOP_ANALYSIS = YES;
				CLANG_WARN_STRICT_PROTOTYPES = YES;
				CLANG_WARN_SUSPICIOUS_MOVE = YES;
				CLANG_WARN_UNGUARDED_AVAILABILITY = YES_AGGRESSIVE;
				CLANG_WARN_UNREACHABLE_CODE = YES;
				CLANG_WARN__DUPLICATE_METHOD_MATCH = YES;
				COPY_PHASE_STRIP = NO;
				DEBUG_INFORMATION_FORMAT = "dwarf-with-dsym";
				ENABLE_NS_ASSERTIONS = NO;
				ENABLE_STRICT_OBJC_MSGSEND = YES;
				GCC_C_LANGUAGE_STANDARD = gnu11;
				GCC_NO_COMMON_BLOCKS = YES;
				GCC_WARN_64_TO_32_BIT_CONVERSION = YES;
				GCC_WARN_ABOUT_RETURN_TYPE = YES_ERROR;
				GCC_WARN_UNDECLARED_SELECTOR = YES;
				GCC_WARN_UNINITIALIZED_AUTOS = YES_AGGRESSIVE;
				GCC_WARN_UNUSED_FUNCTION = YES;
				GCC_WARN_UNUSED_VARIABLE = YES;
				IPHONEOS_DEPLOYMENT_TARGET = 14.3;
				MTL_ENABLE_DEBUG_INFO = NO;
				MTL_FAST_MATH = YES;
				SDKROOT = iphoneos;
				SWIFT_COMPILATION_MODE = wholemodule;
				SWIFT_OPTIMIZATION_LEVEL = "-O";
				VALIDATE_PRODUCT = YES;
			};
			name = Release;
		};
		33A61CC3258F2E7000B62B2F /* Debug */ = {
			isa = XCBuildConfiguration;
			buildSettings = {
				ASSETCATALOG_COMPILER_APPICON_NAME = AppIcon;
				ASSETCATALOG_COMPILER_GLOBAL_ACCENT_COLOR_NAME = AccentColor;
				CODE_SIGN_STYLE = Automatic;
				DEVELOPMENT_TEAM = P37KHYUXQV;
				INFOPLIST_FILE = MedicationManager/Resources/Info.plist;
				LD_RUNPATH_SEARCH_PATHS = (
					"$(inherited)",
					"@executable_path/Frameworks",
				);
				PRODUCT_BUNDLE_IDENTIFIER = com.aaronmartinez.MedicationManager;
				PRODUCT_NAME = "$(TARGET_NAME)";
				SWIFT_VERSION = 5.0;
				TARGETED_DEVICE_FAMILY = "1,2";
			};
			name = Debug;
		};
		33A61CC4258F2E7000B62B2F /* Release */ = {
			isa = XCBuildConfiguration;
			buildSettings = {
				ASSETCATALOG_COMPILER_APPICON_NAME = AppIcon;
				ASSETCATALOG_COMPILER_GLOBAL_ACCENT_COLOR_NAME = AccentColor;
				CODE_SIGN_STYLE = Automatic;
				DEVELOPMENT_TEAM = P37KHYUXQV;
				INFOPLIST_FILE = MedicationManager/Resources/Info.plist;
				LD_RUNPATH_SEARCH_PATHS = (
					"$(inherited)",
					"@executable_path/Frameworks",
				);
				PRODUCT_BUNDLE_IDENTIFIER = com.aaronmartinez.MedicationManager;
				PRODUCT_NAME = "$(TARGET_NAME)";
				SWIFT_VERSION = 5.0;
				TARGETED_DEVICE_FAMILY = "1,2";
			};
			name = Release;
		};
/* End XCBuildConfiguration section */

/* Begin XCConfigurationList section */
		33A61CA6258F2E6E00B62B2F /* Build configuration list for PBXProject "MedicationManager" */ = {
			isa = XCConfigurationList;
			buildConfigurations = (
				33A61CC0258F2E7000B62B2F /* Debug */,
				33A61CC1258F2E7000B62B2F /* Release */,
			);
			defaultConfigurationIsVisible = 0;
			defaultConfigurationName = Release;
		};
		33A61CC2258F2E7000B62B2F /* Build configuration list for PBXNativeTarget "MedicationManager" */ = {
			isa = XCConfigurationList;
			buildConfigurations = (
				33A61CC3258F2E7000B62B2F /* Debug */,
				33A61CC4258F2E7000B62B2F /* Release */,
			);
			defaultConfigurationIsVisible = 0;
			defaultConfigurationName = Release;
		};
/* End XCConfigurationList section */

/* Begin XCVersionGroup section */
		33A61CB7258F2E6E00B62B2F /* MedicationManager.xcdatamodeld */ = {
			isa = XCVersionGroup;
			children = (
				33A61CB8258F2E6E00B62B2F /* MedicationManager.xcdatamodel */,
			);
			currentVersion = 33A61CB8258F2E6E00B62B2F /* MedicationManager.xcdatamodel */;
			path = MedicationManager.xcdatamodeld;
			sourceTree = "<group>";
			versionGroupType = wrapper.xcdatamodel;
		};
/* End XCVersionGroup section */
	};
	rootObject = 33A61CA3258F2E6E00B62B2F /* Project object */;
}
